uuid: 26a69da7-bbc7-4919-aea9-b0cccf196cb6
langcode: de
status: true
dependencies:
  module:
    - node
    - ra_admin
    - system
  theme:
    - adminimal_theme
id: statusblock
theme: adminimal_theme
region: content
weight: -2
provider: null
plugin: status_block
settings:
  id: status_block
  label: 'Status block'
  label_display: visible
  provider: ra_admin
  show_of_bundle: article
visibility:
  request_path:
    id: request_path
    negate: false
    context_mapping: {  }
    pages: '<front>'
  'entity_bundle:node':
    id: 'entity_bundle:node'
    negate: false
    context_mapping:
      node: '@node.node_route_context:node'
    bundles:
      article: article
